
Microsoft Visual Studio Solution File, Format Version 12.00
# Visual Studio Version 17
VisualStudioVersion = 17.11.35222.181
MinimumVisualStudioVersion = 10.0.40219.1
Project("{9A19103F-16F7-4668-BE54-9A1E7A4F7556}") = "CSharp_lab03", "CSharp_lab03\CSharp_lab03.csproj", "{5D6038D2-36A0-4368-A168-E9B7151758F1}"
EndProject
Project("{FAE04EC0-301F-11D3-BF4B-00C04F79EFBC}") = "CSharp_lab03_2", "CSharp_lab03_2\CSharp_lab03_2.csproj", "{E41A2C58-C0CF-4BF9-94A1-553B4E66028E}"
EndProject
Project("{FAE04EC0-301F-11D3-BF4B-00C04F79EFBC}") = "CSharp_lab03_3", "CSharp_lab03_3\CSharp_lab03_3.csproj", "{BDE983F6-2329-4136-8111-379DA3CE78EA}"
EndProject
Global
	GlobalSection(SolutionConfigurationPlatforms) = preSolution
		Debug|Any CPU = Debug|Any CPU
		Release|Any CPU = Release|Any CPU
	EndGlobalSection
	GlobalSection(ProjectConfigurationPlatforms) = postSolution
		{5D6038D2-36A0-4368-A168-E9B7151758F1}.Debug|Any CPU.ActiveCfg = Debug|Any CPU
		{5D6038D2-36A0-4368-A168-E9B7151758F1}.Debug|Any CPU.Build.0 = Debug|Any CPU
		{5D6038D2-36A0-4368-A168-E9B7151758F1}.Release|Any CPU.ActiveCfg = Release|Any CPU
		{5D6038D2-36A0-4368-A168-E9B7151758F1}.Release|Any CPU.Build.0 = Release|Any CPU
		{E41A2C58-C0CF-4BF9-94A1-553B4E66028E}.Debug|Any CPU.ActiveCfg = Debug|Any CPU
		{E41A2C58-C0CF-4BF9-94A1-553B4E66028E}.Debug|Any CPU.Build.0 = Debug|Any CPU
		{E41A2C58-C0CF-4BF9-94A1-553B4E66028E}.Release|Any CPU.ActiveCfg = Release|Any CPU
		{E41A2C58-C0CF-4BF9-94A1-553B4E66028E}.Release|Any CPU.Build.0 = Release|Any CPU
		{BDE983F6-2329-4136-8111-379DA3CE78EA}.Debug|Any CPU.ActiveCfg = Debug|Any CPU
		{BDE983F6-2329-4136-8111-379DA3CE78EA}.Debug|Any CPU.Build.0 = Debug|Any CPU
		{BDE983F6-2329-4136-8111-379DA3CE78EA}.Release|Any CPU.ActiveCfg = Release|Any CPU
		{BDE983F6-2329-4136-8111-379DA3CE78EA}.Release|Any CPU.Build.0 = Release|Any CPU
	EndGlobalSection
	GlobalSection(SolutionProperties) = preSolution
		HideSolutionNode = FALSE
	EndGlobalSection
	GlobalSection(ExtensibilityGlobals) = postSolution
		SolutionGuid = {9EF2E0AF-2D99-4077-8BA1-7AAB8084BE4F}
	EndGlobalSection
EndGlobal
